
Microsoft Visual Studio Solution File, Format Version 12.00
# Visual Studio Version 17
VisualStudioVersion = 17.2.32630.192
MinimumVisualStudioVersion = 10.0.40219.1
Project("{FAE04EC0-301F-11D3-BF4B-00C04F79EFBC}") = "MostrarValoresCripto", "MostrarValoresCripto\MostrarValoresCripto.csproj", "{19CD0132-AD28-4FAC-9EA3-B73F5206F773}"
EndProject
Project("{FAE04EC0-301F-11D3-BF4B-00C04F79EFBC}") = "Libary", "Libary\Libary.csproj", "{2D550E3C-F3B0-496E-9A5A-03B7A0C51C3A}"
EndProject
Global
	GlobalSection(SolutionConfigurationPlatforms) = preSolution
		Debug|Any CPU = Debug|Any CPU
		Release|Any CPU = Release|Any CPU
	EndGlobalSection
	GlobalSection(ProjectConfigurationPlatforms) = postSolution
		{19CD0132-AD28-4FAC-9EA3-B73F5206F773}.Debug|Any CPU.ActiveCfg = Debug|Any CPU
		{19CD0132-AD28-4FAC-9EA3-B73F5206F773}.Debug|Any CPU.Build.0 = Debug|Any CPU
		{19CD0132-AD28-4FAC-9EA3-B73F5206F773}.Release|Any CPU.ActiveCfg = Release|Any CPU
		{19CD0132-AD28-4FAC-9EA3-B73F5206F773}.Release|Any CPU.Build.0 = Release|Any CPU
		{2D550E3C-F3B0-496E-9A5A-03B7A0C51C3A}.Debug|Any CPU.ActiveCfg = Debug|Any CPU
		{2D550E3C-F3B0-496E-9A5A-03B7A0C51C3A}.Debug|Any CPU.Build.0 = Debug|Any CPU
		{2D550E3C-F3B0-496E-9A5A-03B7A0C51C3A}.Release|Any CPU.ActiveCfg = Release|Any CPU
		{2D550E3C-F3B0-496E-9A5A-03B7A0C51C3A}.Release|Any CPU.Build.0 = Release|Any CPU
	EndGlobalSection
	GlobalSection(SolutionProperties) = preSolution
		HideSolutionNode = FALSE
	EndGlobalSection
	GlobalSection(ExtensibilityGlobals) = postSolution
		SolutionGuid = {53CAE432-E7A2-4B71-B93C-C59616A1C66C}
	EndGlobalSection
EndGlobal
